
Microsoft Visual Studio Solution File, Format Version 12.00
# Visual Studio Version 16
VisualStudioVersion = 16.0.31019.35
MinimumVisualStudioVersion = 10.0.40219.1
Project("{FAE04EC0-301F-11D3-BF4B-00C04F79EFBC}") = "TestUDPHolePunching", "TestUDPHolePunching\TestUDPHolePunching.csproj", "{C8344EC3-265B-4708-9BF9-EF7215D5B918}"
EndProject
Global
	GlobalSection(SolutionConfigurationPlatforms) = preSolution
		Debug|Any CPU = Debug|Any CPU
		Release|Any CPU = Release|Any CPU
	EndGlobalSection
	GlobalSection(ProjectConfigurationPlatforms) = postSolution
		{C8344EC3-265B-4708-9BF9-EF7215D5B918}.Debug|Any CPU.ActiveCfg = Debug|Any CPU
		{C8344EC3-265B-4708-9BF9-EF7215D5B918}.Debug|Any CPU.Build.0 = Debug|Any CPU
		{C8344EC3-265B-4708-9BF9-EF7215D5B918}.Release|Any CPU.ActiveCfg = Release|Any CPU
		{C8344EC3-265B-4708-9BF9-EF7215D5B918}.Release|Any CPU.Build.0 = Release|Any CPU
	EndGlobalSection
	GlobalSection(SolutionProperties) = preSolution
		HideSolutionNode = FALSE
	EndGlobalSection
	GlobalSection(ExtensibilityGlobals) = postSolution
		SolutionGuid = {62FDE5C4-770F-40B9-84E5-42BC23034039}
	EndGlobalSection
EndGlobal
